<Solution>
  <Folder Name="/Application/">
    <Project Path="ToDo.Application/ToDo.Application.csproj" Id="d22d2002-88bf-4c86-a3a2-18fbe57756a7" />
  </Folder>
  <Folder Name="/Data/">
    <Project Path="ToDo.Data/ToDo.Data.csproj" />
  </Folder>
  <Folder Name="/Domain/">
    <Project Path="ToDo.Domain/ToDo.Domain.csproj" />
  </Folder>
  <Folder Name="/Presention/">
    <Project Path="ToDo.Presentation/ToDo.Presentation.csproj" />
  </Folder>
</Solution>
